
Microsoft Visual Studio Solution File, Format Version 12.00
# Visual Studio Version 16
VisualStudioVersion = 16.0.30225.117
MinimumVisualStudioVersion = 10.0.40219.1
Project("{FAE04EC0-301F-11D3-BF4B-00C04F79EFBC}") = "HelloApp", "HelloApp\HelloApp.csproj", "{B6E6CE7F-D629-4C40-89D6-3F7B4EEE36E9}"
EndProject
Project("{FAE04EC0-301F-11D3-BF4B-00C04F79EFBC}") = "IntegerType", "IntegerType\IntegerType.csproj", "{C8E650C2-1364-4A16-895A-99642119D8E8}"
EndProject
Project("{9A19103F-16F7-4668-BE54-9A1E7A4F7556}") = "StringNumberConversion", "StringNumberConversion\StringNumberConversion.csproj", "{18EC0BE2-074B-47DC-8ACA-39DA3A78E563}"
EndProject
Project("{2150E333-8FDC-42A3-9474-1A3956D46DE8}") = "CH02", "CH02", "{3C5C08E2-2586-46EC-A90C-6F18424E4AB0}"
EndProject
Project("{2150E333-8FDC-42A3-9474-1A3956D46DE8}") = "CH03", "CH03", "{F4215849-5522-4FEB-8494-D6445F90109E}"
EndProject
Project("{FAE04EC0-301F-11D3-BF4B-00C04F79EFBC}") = "BoxingUnboxing", "BoxingUnboxing\BoxingUnboxing.csproj", "{D6DD5375-154E-4AD8-9585-AA52F097F447}"
EndProject
Project("{FAE04EC0-301F-11D3-BF4B-00C04F79EFBC}") = "IntegerConversion", "IntegerConversion\IntegerConversion.csproj", "{BA85BBA8-37D2-4869-B537-B110D81CCA39}"
EndProject
Project("{FAE04EC0-301F-11D3-BF4B-00C04F79EFBC}") = "EnumApp", "EnumApp\EnumApp.csproj", "{61DAA5E3-30B0-43A2-B3EE-DEE67CEA9B67}"
EndProject
Project("{FAE04EC0-301F-11D3-BF4B-00C04F79EFBC}") = "NullableApp", "NullableApp\NullableApp.csproj", "{28B219C4-1951-4278-8DF1-9D1EDF6C88B7}"
EndProject
Project("{2150E333-8FDC-42A3-9474-1A3956D46DE8}") = "Appendix A", "Appendix A", "{BCE4D446-71AB-4155-80CA-5F77AE8C0F8D}"
EndProject
Project("{FAE04EC0-301F-11D3-BF4B-00C04F79EFBC}") = "StringSearchApp", "StringSearchApp\StringSearchApp.csproj", "{74804806-A293-4CC8-8275-E8EAD72BC729}"
EndProject
Project("{2150E333-8FDC-42A3-9474-1A3956D46DE8}") = "CH05", "CH05", "{A2C29950-610E-4BF7-AC6B-1C998318D8A5}"
EndProject
Project("{FAE04EC0-301F-11D3-BF4B-00C04F79EFBC}") = "IFELSE", "IFELSE\IFELSE.csproj", "{389A726A-B151-437C-95BB-6D3A89F937FE}"
EndProject
Project("{FAE04EC0-301F-11D3-BF4B-00C04F79EFBC}") = "SwithCaseApp", "SwithCaseApp\SwithCaseApp.csproj", "{FE004C25-5A98-4953-8132-E871AC28E2DA}"
EndProject
Project("{FAE04EC0-301F-11D3-BF4B-00C04F79EFBC}") = "WhileApp", "WhileApp\WhileApp.csproj", "{10B4FDBE-8639-4058-A0AC-7371BE17E1AF}"
EndProject
Project("{2150E333-8FDC-42A3-9474-1A3956D46DE8}") = "CH06", "CH06", "{E3C12F2E-976A-4AED-BCB6-3549DD7EFC0D}"
EndProject
Project("{FAE04EC0-301F-11D3-BF4B-00C04F79EFBC}") = "SWAPByValue", "SWAPByValue\SWAPByValue.csproj", "{E5960C87-D92F-4A8D-9D0F-B4C4812C3F03}"
EndProject
Project("{FAE04EC0-301F-11D3-BF4B-00C04F79EFBC}") = "ref Return", "ref Return\ref Return.csproj", "{3F9D786B-50B8-488A-A6E1-9DAC167BC72D}"
EndProject
Project("{FAE04EC0-301F-11D3-BF4B-00C04F79EFBC}") = "usingOut", "usingOut\usingOut.csproj", "{726A614F-A9B8-4EB7-AB35-079FE3644DAB}"
EndProject
Project("{FAE04EC0-301F-11D3-BF4B-00C04F79EFBC}") = "OverLoading", "OverLoading\OverLoading.csproj", "{68D7E8AE-A9EB-43AF-8F3B-88E834AA9771}"
EndProject
Project("{FAE04EC0-301F-11D3-BF4B-00C04F79EFBC}") = "LocalFunction", "LocalFunction\LocalFunction.csproj", "{8F8B9186-42AF-41D3-8A8A-95D69CCA4595}"
EndProject
Project("{FAE04EC0-301F-11D3-BF4B-00C04F79EFBC}") = "01", "01\01.csproj", "{D6ACA689-A22F-496B-9FBF-7C693EF8A737}"
EndProject
Project("{FAE04EC0-301F-11D3-BF4B-00C04F79EFBC}") = "02", "02\02.csproj", "{0D2DC138-DF44-4238-88A3-EF82F9DCF33B}"
EndProject
Project("{2150E333-8FDC-42A3-9474-1A3956D46DE8}") = "CH07", "CH07", "{8A5C9BF1-A9E9-4B64-A733-EEE21EBD08DD}"
EndProject
Project("{FAE04EC0-301F-11D3-BF4B-00C04F79EFBC}") = "BasicClass", "BasicClass\BasicClass.csproj", "{53508ABF-CB48-4137-9614-CDC008902D82}"
EndProject
Project("{FAE04EC0-301F-11D3-BF4B-00C04F79EFBC}") = "StaticField", "StaticField\StaticField.csproj", "{6911B0CF-F01A-4AA4-8FDF-1358E853F179}"
EndProject
Project("{FAE04EC0-301F-11D3-BF4B-00C04F79EFBC}") = "DeepCopy", "DeepCopy\DeepCopy.csproj", "{CFC4C4ED-DE67-4FA2-80B1-1C8C2B5C8405}"
EndProject
Project("{FAE04EC0-301F-11D3-BF4B-00C04F79EFBC}") = "AccessModifier", "AccessModifier\AccessModifier.csproj", "{67707FE5-0F40-4B91-8996-EDDF9C96F0B0}"
EndProject
Project("{FAE04EC0-301F-11D3-BF4B-00C04F79EFBC}") = "Inheritance", "Inheritance\Inheritance.csproj", "{B13840A5-D10D-4434-BAEB-FC6EA3B4B807}"
EndProject
Project("{FAE04EC0-301F-11D3-BF4B-00C04F79EFBC}") = "ClassTypeCasting", "ClassTypeCasting\ClassTypeCasting.csproj", "{9982FF12-8917-4439-974E-9D189DE1FA06}"
EndProject
Project("{FAE04EC0-301F-11D3-BF4B-00C04F79EFBC}") = "Overriding", "Overriding\Overriding.csproj", "{C3DFAD5F-B8FD-4DE4-BF57-71CFD051B3C2}"
EndProject
Project("{FAE04EC0-301F-11D3-BF4B-00C04F79EFBC}") = "NestedClass", "NestedClass\NestedClass.csproj", "{47DFFC0A-F3F8-47F5-8A99-7FFBDB819AFE}"
EndProject
Project("{FAE04EC0-301F-11D3-BF4B-00C04F79EFBC}") = "ExtendedMethod", "ExtendedMethod\ExtendedMethod.csproj", "{7E635361-9A18-4A73-B81D-F4BA694575AB}"
EndProject
Project("{FAE04EC0-301F-11D3-BF4B-00C04F79EFBC}") = "Structure", "Point\Structure.csproj", "{87336B82-FF17-4AAE-BA96-3D8E469EAD2B}"
EndProject
Project("{FAE04EC0-301F-11D3-BF4B-00C04F79EFBC}") = "Tuple", "Tuple\Tuple.csproj", "{2B1D662B-770A-4B2C-BC69-BC1C2B293637}"
EndProject
Project("{2150E333-8FDC-42A3-9474-1A3956D46DE8}") = "CH08", "CH08", "{D520390C-062A-4FD7-B8F8-83749495C047}"
EndProject
Project("{FAE04EC0-301F-11D3-BF4B-00C04F79EFBC}") = "InterFace01", "InterFace01\InterFace01.csproj", "{0B47642E-7343-46D1-90C9-7B3E86CE6BEE}"
EndProject
Project("{FAE04EC0-301F-11D3-BF4B-00C04F79EFBC}") = "MultiInter", "MultiInter\MultiInter.csproj", "{F34FCE93-020D-4220-92B3-DE0132CDEF33}"
EndProject
Project("{FAE04EC0-301F-11D3-BF4B-00C04F79EFBC}") = "AbstractClass", "AbstractClass\AbstractClass.csproj", "{015BE45E-1EFA-4958-8228-0E7A6FC444E5}"
EndProject
Project("{2150E333-8FDC-42A3-9474-1A3956D46DE8}") = "CH09", "CH09", "{62168D07-4C58-400C-9C14-7C8C7DC50C6E}"
EndProject
Project("{FAE04EC0-301F-11D3-BF4B-00C04F79EFBC}") = "Property", "Property\Property.csproj", "{A5C86E80-DA21-4E87-8013-9DFAEBA51FDF}"
EndProject
Project("{FAE04EC0-301F-11D3-BF4B-00C04F79EFBC}") = "PropertyInterface", "PropertyInterface\PropertyInterface.csproj", "{91AB0688-BAE3-47D8-B1A5-19A8E9755183}"
EndProject
Project("{2150E333-8FDC-42A3-9474-1A3956D46DE8}") = "CH10", "CH10", "{C5660422-2B94-44BE-B890-483E588C318E}"
EndProject
Project("{FAE04EC0-301F-11D3-BF4B-00C04F79EFBC}") = "UsingarrayList", "UsingarrayList\UsingarrayList.csproj", "{E83052D9-665F-4BBA-AAC6-EB80BC54725C}"
EndProject
Project("{FAE04EC0-301F-11D3-BF4B-00C04F79EFBC}") = "UsingIndex", "UsingIndex\UsingIndex.csproj", "{E4A1A834-8103-4B60-B2CA-4DAAEA3BDAF2}"
EndProject
Project("{FAE04EC0-301F-11D3-BF4B-00C04F79EFBC}") = "UsingYield", "UsingYield\UsingYield.csproj", "{42B17B14-4305-4D5A-8728-94B4F591B8AA}"
EndProject
Project("{FAE04EC0-301F-11D3-BF4B-00C04F79EFBC}") = "UsingEnumerable", "UsingEnumerable\UsingEnumerable.csproj", "{B3D40BE5-5868-4DF0-B691-74CB66099CDF}"
EndProject
Project("{2150E333-8FDC-42A3-9474-1A3956D46DE8}") = "CH11", "CH11", "{FA7C4BD4-9B40-42A8-9449-2BC623CCA843}"
EndProject
Project("{FAE04EC0-301F-11D3-BF4B-00C04F79EFBC}") = "CopyingArray", "CopyingArray\CopyingArray.csproj", "{525F0E5A-89EC-44F7-97CE-5082AF6B8DF3}"
EndProject
Project("{FAE04EC0-301F-11D3-BF4B-00C04F79EFBC}") = "Generic", "Generic\Generic.csproj", "{998D8AFB-E68B-43B5-83E2-2318635093A0}"
EndProject
Project("{FAE04EC0-301F-11D3-BF4B-00C04F79EFBC}") = "GenericPara", "GenericPara\GenericPara.csproj", "{35B6E475-FD03-44EB-944A-16D7F3921B03}"
EndProject
Project("{FAE04EC0-301F-11D3-BF4B-00C04F79EFBC}") = "GenericList", "GenericList\GenericList.csproj", "{737B84CB-FB5C-4002-B485-37C14B9E6454}"
EndProject
Project("{FAE04EC0-301F-11D3-BF4B-00C04F79EFBC}") = "GenericEnum", "GenericEnum\GenericEnum.csproj", "{D94EC62C-4545-4C70-8D3F-AF6BFC98D00F}"
EndProject
Project("{FAE04EC0-301F-11D3-BF4B-00C04F79EFBC}") = "WindowsFormsApp1", "WindowsFormsApp1\WindowsFormsApp1.csproj", "{C655C53F-71AF-490C-81B6-2B670F2482E1}"
EndProject
Project("{FAE04EC0-301F-11D3-BF4B-00C04F79EFBC}") = "KillingProgram", "KillingProgram\KillingProgram.csproj", "{A21776DF-00A7-4FA1-A1E2-DE51F296A271}"
EndProject
Project("{FAE04EC0-301F-11D3-BF4B-00C04F79EFBC}") = "Throw", "Throw\Throw.csproj", "{292D11F7-FEC3-4AF9-A5E3-DB25D48522BF}"
EndProject
Project("{FAE04EC0-301F-11D3-BF4B-00C04F79EFBC}") = "CustomException", "CustomException\CustomException.csproj", "{C4060909-0B08-4918-9F09-EC96205E7AF5}"
EndProject
Project("{2150E333-8FDC-42A3-9474-1A3956D46DE8}") = "CH13", "CH13", "{CAF1B078-AE4A-4020-8E61-021D6A771815}"
EndProject
Project("{FAE04EC0-301F-11D3-BF4B-00C04F79EFBC}") = "Delegate", "Delegate\Delegate.csproj", "{4C8A1B7C-BA22-480A-8022-59F16D9B81F9}"
EndProject
Project("{FAE04EC0-301F-11D3-BF4B-00C04F79EFBC}") = "CallBack1", "CallBack1\CallBack1.csproj", "{6236865B-5809-4CD8-952D-D72CC65093A8}"
EndProject
Project("{FAE04EC0-301F-11D3-BF4B-00C04F79EFBC}") = "DelegateChain", "DelegateChain\DelegateChain.csproj", "{5C58BC57-F440-4339-A912-CC3E126B08FC}"
EndProject
Project("{FAE04EC0-301F-11D3-BF4B-00C04F79EFBC}") = "AnoymousMethod", "AnoymousMethod\AnoymousMethod.csproj", "{C19C4611-FB9D-4418-BB1F-18A2678538C9}"
EndProject
Project("{FAE04EC0-301F-11D3-BF4B-00C04F79EFBC}") = "Event1", "Event1\Event1.csproj", "{0B9DBFF2-9986-4188-A6E1-2261D492C8A5}"
EndProject
Project("{FAE04EC0-301F-11D3-BF4B-00C04F79EFBC}") = "WindowsFormsApp2", "WindowsFormsApp2\WindowsFormsApp2.csproj", "{0C908A96-6BD2-4CA5-9F28-2A5E362F0A8E}"
EndProject
Project("{2150E333-8FDC-42A3-9474-1A3956D46DE8}") = "CH14", "CH14", "{BE239782-CD94-4F4C-99EA-354E4F4A693F}"
EndProject
Project("{FAE04EC0-301F-11D3-BF4B-00C04F79EFBC}") = "SimpleLambda", "SimpleLambda\SimpleLambda.csproj", "{7ED75810-86E9-4E1A-8352-41BC1C77C50A}"
EndProject
Project("{FAE04EC0-301F-11D3-BF4B-00C04F79EFBC}") = "Func1", "Func1\Func1.csproj", "{B3CD6AC6-299E-40DB-AE61-05339A08CA35}"
EndProject
Project("{FAE04EC0-301F-11D3-BF4B-00C04F79EFBC}") = "LambdaExMember", "LambdaExMember\LambdaExMember.csproj", "{17D6A72A-FA4C-46B8-96F8-02551916A3C9}"
EndProject
Project("{2150E333-8FDC-42A3-9474-1A3956D46DE8}") = "CH15", "CH15", "{B56AA34C-4706-4BC8-A30D-87E229604520}"
EndProject
Project("{FAE04EC0-301F-11D3-BF4B-00C04F79EFBC}") = "From", "From\From.csproj", "{9A6D46D6-5AF4-4695-9B78-8F97B1A92CF9}"
EndProject
Project("{2150E333-8FDC-42A3-9474-1A3956D46DE8}") = "CH19", "CH19", "{AA1809F2-2C09-4E98-BB47-ABDAD17AF6C2}"
EndProject
Project("{FAE04EC0-301F-11D3-BF4B-00C04F79EFBC}") = "BasicThread", "BasicThread\BasicThread.csproj", "{48D49631-4C51-4FA6-A4FA-557D3616592D}"
EndProject
Project("{2150E333-8FDC-42A3-9474-1A3956D46DE8}") = "WinForm", "WinForm", "{72088E21-B872-4EFA-B510-F4965084D139}"
EndProject
Project("{FAE04EC0-301F-11D3-BF4B-00C04F79EFBC}") = "WindowsFormsApp3", "WindowsFormsApp3\WindowsFormsApp3.csproj", "{71E146F2-3D50-48F5-8628-15289BB6C0ED}"
EndProject
Project("{FAE04EC0-301F-11D3-BF4B-00C04F79EFBC}") = "AbortThread", "AbortThread\AbortThread.csproj", "{5D6EAB67-4384-4F53-930E-1880FDD2A2CA}"
EndProject
Project("{FAE04EC0-301F-11D3-BF4B-00C04F79EFBC}") = "InterruptThread", "InterruptThread\InterruptThread.csproj", "{9D6CE6C9-CADA-4A78-843D-EF297CBC9910}"
EndProject
Project("{FAE04EC0-301F-11D3-BF4B-00C04F79EFBC}") = "Lock", "Lock\Lock.csproj", "{8926094E-95B3-400C-AC56-F06215796BB0}"
EndProject
Global
	GlobalSection(SolutionConfigurationPlatforms) = preSolution
		Debug|Any CPU = Debug|Any CPU
		Release|Any CPU = Release|Any CPU
	EndGlobalSection
	GlobalSection(ProjectConfigurationPlatforms) = postSolution
		{B6E6CE7F-D629-4C40-89D6-3F7B4EEE36E9}.Debug|Any CPU.ActiveCfg = Debug|Any CPU
		{B6E6CE7F-D629-4C40-89D6-3F7B4EEE36E9}.Debug|Any CPU.Build.0 = Debug|Any CPU
		{B6E6CE7F-D629-4C40-89D6-3F7B4EEE36E9}.Release|Any CPU.ActiveCfg = Release|Any CPU
		{B6E6CE7F-D629-4C40-89D6-3F7B4EEE36E9}.Release|Any CPU.Build.0 = Release|Any CPU
		{C8E650C2-1364-4A16-895A-99642119D8E8}.Debug|Any CPU.ActiveCfg = Debug|Any CPU
		{C8E650C2-1364-4A16-895A-99642119D8E8}.Debug|Any CPU.Build.0 = Debug|Any CPU
		{C8E650C2-1364-4A16-895A-99642119D8E8}.Release|Any CPU.ActiveCfg = Release|Any CPU
		{C8E650C2-1364-4A16-895A-99642119D8E8}.Release|Any CPU.Build.0 = Release|Any CPU
		{18EC0BE2-074B-47DC-8ACA-39DA3A78E563}.Debug|Any CPU.ActiveCfg = Debug|Any CPU
		{18EC0BE2-074B-47DC-8ACA-39DA3A78E563}.Debug|Any CPU.Build.0 = Debug|Any CPU
		{18EC0BE2-074B-47DC-8ACA-39DA3A78E563}.Release|Any CPU.ActiveCfg = Release|Any CPU
		{18EC0BE2-074B-47DC-8ACA-39DA3A78E563}.Release|Any CPU.Build.0 = Release|Any CPU
		{D6DD5375-154E-4AD8-9585-AA52F097F447}.Debug|Any CPU.ActiveCfg = Debug|Any CPU
		{D6DD5375-154E-4AD8-9585-AA52F097F447}.Debug|Any CPU.Build.0 = Debug|Any CPU
		{D6DD5375-154E-4AD8-9585-AA52F097F447}.Release|Any CPU.ActiveCfg = Release|Any CPU
		{D6DD5375-154E-4AD8-9585-AA52F097F447}.Release|Any CPU.Build.0 = Release|Any CPU
		{BA85BBA8-37D2-4869-B537-B110D81CCA39}.Debug|Any CPU.ActiveCfg = Debug|Any CPU
		{BA85BBA8-37D2-4869-B537-B110D81CCA39}.Debug|Any CPU.Build.0 = Debug|Any CPU
		{BA85BBA8-37D2-4869-B537-B110D81CCA39}.Release|Any CPU.ActiveCfg = Release|Any CPU
		{BA85BBA8-37D2-4869-B537-B110D81CCA39}.Release|Any CPU.Build.0 = Release|Any CPU
		{61DAA5E3-30B0-43A2-B3EE-DEE67CEA9B67}.Debug|Any CPU.ActiveCfg = Debug|Any CPU
		{61DAA5E3-30B0-43A2-B3EE-DEE67CEA9B67}.Debug|Any CPU.Build.0 = Debug|Any CPU
		{61DAA5E3-30B0-43A2-B3EE-DEE67CEA9B67}.Release|Any CPU.ActiveCfg = Release|Any CPU
		{61DAA5E3-30B0-43A2-B3EE-DEE67CEA9B67}.Release|Any CPU.Build.0 = Release|Any CPU
		{28B219C4-1951-4278-8DF1-9D1EDF6C88B7}.Debug|Any CPU.ActiveCfg = Debug|Any CPU
		{28B219C4-1951-4278-8DF1-9D1EDF6C88B7}.Debug|Any CPU.Build.0 = Debug|Any CPU
		{28B219C4-1951-4278-8DF1-9D1EDF6C88B7}.Release|Any CPU.ActiveCfg = Release|Any CPU
		{28B219C4-1951-4278-8DF1-9D1EDF6C88B7}.Release|Any CPU.Build.0 = Release|Any CPU
		{74804806-A293-4CC8-8275-E8EAD72BC729}.Debug|Any CPU.ActiveCfg = Debug|Any CPU
		{74804806-A293-4CC8-8275-E8EAD72BC729}.Debug|Any CPU.Build.0 = Debug|Any CPU
		{74804806-A293-4CC8-8275-E8EAD72BC729}.Release|Any CPU.ActiveCfg = Release|Any CPU
		{74804806-A293-4CC8-8275-E8EAD72BC729}.Release|Any CPU.Build.0 = Release|Any CPU
		{389A726A-B151-437C-95BB-6D3A89F937FE}.Debug|Any CPU.ActiveCfg = Debug|Any CPU
		{389A726A-B151-437C-95BB-6D3A89F937FE}.Debug|Any CPU.Build.0 = Debug|Any CPU
		{389A726A-B151-437C-95BB-6D3A89F937FE}.Release|Any CPU.ActiveCfg = Release|Any CPU
		{389A726A-B151-437C-95BB-6D3A89F937FE}.Release|Any CPU.Build.0 = Release|Any CPU
		{FE004C25-5A98-4953-8132-E871AC28E2DA}.Debug|Any CPU.ActiveCfg = Debug|Any CPU
		{FE004C25-5A98-4953-8132-E871AC28E2DA}.Debug|Any CPU.Build.0 = Debug|Any CPU
		{FE004C25-5A98-4953-8132-E871AC28E2DA}.Release|Any CPU.ActiveCfg = Release|Any CPU
		{FE004C25-5A98-4953-8132-E871AC28E2DA}.Release|Any CPU.Build.0 = Release|Any CPU
		{10B4FDBE-8639-4058-A0AC-7371BE17E1AF}.Debug|Any CPU.ActiveCfg = Debug|Any CPU
		{10B4FDBE-8639-4058-A0AC-7371BE17E1AF}.Debug|Any CPU.Build.0 = Debug|Any CPU
		{10B4FDBE-8639-4058-A0AC-7371BE17E1AF}.Release|Any CPU.ActiveCfg = Release|Any CPU
		{10B4FDBE-8639-4058-A0AC-7371BE17E1AF}.Release|Any CPU.Build.0 = Release|Any CPU
		{E5960C87-D92F-4A8D-9D0F-B4C4812C3F03}.Debug|Any CPU.ActiveCfg = Debug|Any CPU
		{E5960C87-D92F-4A8D-9D0F-B4C4812C3F03}.Debug|Any CPU.Build.0 = Debug|Any CPU
		{E5960C87-D92F-4A8D-9D0F-B4C4812C3F03}.Release|Any CPU.ActiveCfg = Release|Any CPU
		{E5960C87-D92F-4A8D-9D0F-B4C4812C3F03}.Release|Any CPU.Build.0 = Release|Any CPU
		{3F9D786B-50B8-488A-A6E1-9DAC167BC72D}.Debug|Any CPU.ActiveCfg = Debug|Any CPU
		{3F9D786B-50B8-488A-A6E1-9DAC167BC72D}.Debug|Any CPU.Build.0 = Debug|Any CPU
		{3F9D786B-50B8-488A-A6E1-9DAC167BC72D}.Release|Any CPU.ActiveCfg = Release|Any CPU
		{3F9D786B-50B8-488A-A6E1-9DAC167BC72D}.Release|Any CPU.Build.0 = Release|Any CPU
		{726A614F-A9B8-4EB7-AB35-079FE3644DAB}.Debug|Any CPU.ActiveCfg = Debug|Any CPU
		{726A614F-A9B8-4EB7-AB35-079FE3644DAB}.Debug|Any CPU.Build.0 = Debug|Any CPU
		{726A614F-A9B8-4EB7-AB35-079FE3644DAB}.Release|Any CPU.ActiveCfg = Release|Any CPU
		{726A614F-A9B8-4EB7-AB35-079FE3644DAB}.Release|Any CPU.Build.0 = Release|Any CPU
		{68D7E8AE-A9EB-43AF-8F3B-88E834AA9771}.Debug|Any CPU.ActiveCfg = Debug|Any CPU
		{68D7E8AE-A9EB-43AF-8F3B-88E834AA9771}.Debug|Any CPU.Build.0 = Debug|Any CPU
		{68D7E8AE-A9EB-43AF-8F3B-88E834AA9771}.Release|Any CPU.ActiveCfg = Release|Any CPU
		{68D7E8AE-A9EB-43AF-8F3B-88E834AA9771}.Release|Any CPU.Build.0 = Release|Any CPU
		{8F8B9186-42AF-41D3-8A8A-95D69CCA4595}.Debug|Any CPU.ActiveCfg = Debug|Any CPU
		{8F8B9186-42AF-41D3-8A8A-95D69CCA4595}.Debug|Any CPU.Build.0 = Debug|Any CPU
		{8F8B9186-42AF-41D3-8A8A-95D69CCA4595}.Release|Any CPU.ActiveCfg = Release|Any CPU
		{8F8B9186-42AF-41D3-8A8A-95D69CCA4595}.Release|Any CPU.Build.0 = Release|Any CPU
		{D6ACA689-A22F-496B-9FBF-7C693EF8A737}.Debug|Any CPU.ActiveCfg = Debug|Any CPU
		{D6ACA689-A22F-496B-9FBF-7C693EF8A737}.Debug|Any CPU.Build.0 = Debug|Any CPU
		{D6ACA689-A22F-496B-9FBF-7C693EF8A737}.Release|Any CPU.ActiveCfg = Release|Any CPU
		{D6ACA689-A22F-496B-9FBF-7C693EF8A737}.Release|Any CPU.Build.0 = Release|Any CPU
		{0D2DC138-DF44-4238-88A3-EF82F9DCF33B}.Debug|Any CPU.ActiveCfg = Debug|Any CPU
		{0D2DC138-DF44-4238-88A3-EF82F9DCF33B}.Debug|Any CPU.Build.0 = Debug|Any CPU
		{0D2DC138-DF44-4238-88A3-EF82F9DCF33B}.Release|Any CPU.ActiveCfg = Release|Any CPU
		{0D2DC138-DF44-4238-88A3-EF82F9DCF33B}.Release|Any CPU.Build.0 = Release|Any CPU
		{53508ABF-CB48-4137-9614-CDC008902D82}.Debug|Any CPU.ActiveCfg = Debug|Any CPU
		{53508ABF-CB48-4137-9614-CDC008902D82}.Debug|Any CPU.Build.0 = Debug|Any CPU
		{53508ABF-CB48-4137-9614-CDC008902D82}.Release|Any CPU.ActiveCfg = Release|Any CPU
		{53508ABF-CB48-4137-9614-CDC008902D82}.Release|Any CPU.Build.0 = Release|Any CPU
		{6911B0CF-F01A-4AA4-8FDF-1358E853F179}.Debug|Any CPU.ActiveCfg = Debug|Any CPU
		{6911B0CF-F01A-4AA4-8FDF-1358E853F179}.Debug|Any CPU.Build.0 = Debug|Any CPU
		{6911B0CF-F01A-4AA4-8FDF-1358E853F179}.Release|Any CPU.ActiveCfg = Release|Any CPU
		{6911B0CF-F01A-4AA4-8FDF-1358E853F179}.Release|Any CPU.Build.0 = Release|Any CPU
		{CFC4C4ED-DE67-4FA2-80B1-1C8C2B5C8405}.Debug|Any CPU.ActiveCfg = Debug|Any CPU
		{CFC4C4ED-DE67-4FA2-80B1-1C8C2B5C8405}.Debug|Any CPU.Build.0 = Debug|Any CPU
		{CFC4C4ED-DE67-4FA2-80B1-1C8C2B5C8405}.Release|Any CPU.ActiveCfg = Release|Any CPU
		{CFC4C4ED-DE67-4FA2-80B1-1C8C2B5C8405}.Release|Any CPU.Build.0 = Release|Any CPU
		{67707FE5-0F40-4B91-8996-EDDF9C96F0B0}.Debug|Any CPU.ActiveCfg = Debug|Any CPU
		{67707FE5-0F40-4B91-8996-EDDF9C96F0B0}.Debug|Any CPU.Build.0 = Debug|Any CPU
		{67707FE5-0F40-4B91-8996-EDDF9C96F0B0}.Release|Any CPU.ActiveCfg = Release|Any CPU
		{67707FE5-0F40-4B91-8996-EDDF9C96F0B0}.Release|Any CPU.Build.0 = Release|Any CPU
		{B13840A5-D10D-4434-BAEB-FC6EA3B4B807}.Debug|Any CPU.ActiveCfg = Debug|Any CPU
		{B13840A5-D10D-4434-BAEB-FC6EA3B4B807}.Debug|Any CPU.Build.0 = Debug|Any CPU
		{B13840A5-D10D-4434-BAEB-FC6EA3B4B807}.Release|Any CPU.ActiveCfg = Release|Any CPU
		{B13840A5-D10D-4434-BAEB-FC6EA3B4B807}.Release|Any CPU.Build.0 = Release|Any CPU
		{9982FF12-8917-4439-974E-9D189DE1FA06}.Debug|Any CPU.ActiveCfg = Debug|Any CPU
		{9982FF12-8917-4439-974E-9D189DE1FA06}.Debug|Any CPU.Build.0 = Debug|Any CPU
		{9982FF12-8917-4439-974E-9D189DE1FA06}.Release|Any CPU.ActiveCfg = Release|Any CPU
		{9982FF12-8917-4439-974E-9D189DE1FA06}.Release|Any CPU.Build.0 = Release|Any CPU
		{C3DFAD5F-B8FD-4DE4-BF57-71CFD051B3C2}.Debug|Any CPU.ActiveCfg = Debug|Any CPU
		{C3DFAD5F-B8FD-4DE4-BF57-71CFD051B3C2}.Debug|Any CPU.Build.0 = Debug|Any CPU
		{C3DFAD5F-B8FD-4DE4-BF57-71CFD051B3C2}.Release|Any CPU.ActiveCfg = Release|Any CPU
		{C3DFAD5F-B8FD-4DE4-BF57-71CFD051B3C2}.Release|Any CPU.Build.0 = Release|Any CPU
		{47DFFC0A-F3F8-47F5-8A99-7FFBDB819AFE}.Debug|Any CPU.ActiveCfg = Debug|Any CPU
		{47DFFC0A-F3F8-47F5-8A99-7FFBDB819AFE}.Debug|Any CPU.Build.0 = Debug|Any CPU
		{47DFFC0A-F3F8-47F5-8A99-7FFBDB819AFE}.Release|Any CPU.ActiveCfg = Release|Any CPU
		{47DFFC0A-F3F8-47F5-8A99-7FFBDB819AFE}.Release|Any CPU.Build.0 = Release|Any CPU
		{7E635361-9A18-4A73-B81D-F4BA694575AB}.Debug|Any CPU.ActiveCfg = Debug|Any CPU
		{7E635361-9A18-4A73-B81D-F4BA694575AB}.Debug|Any CPU.Build.0 = Debug|Any CPU
		{7E635361-9A18-4A73-B81D-F4BA694575AB}.Release|Any CPU.ActiveCfg = Release|Any CPU
		{7E635361-9A18-4A73-B81D-F4BA694575AB}.Release|Any CPU.Build.0 = Release|Any CPU
		{87336B82-FF17-4AAE-BA96-3D8E469EAD2B}.Debug|Any CPU.ActiveCfg = Debug|Any CPU
		{87336B82-FF17-4AAE-BA96-3D8E469EAD2B}.Debug|Any CPU.Build.0 = Debug|Any CPU
		{87336B82-FF17-4AAE-BA96-3D8E469EAD2B}.Release|Any CPU.ActiveCfg = Release|Any CPU
		{87336B82-FF17-4AAE-BA96-3D8E469EAD2B}.Release|Any CPU.Build.0 = Release|Any CPU
		{2B1D662B-770A-4B2C-BC69-BC1C2B293637}.Debug|Any CPU.ActiveCfg = Debug|Any CPU
		{2B1D662B-770A-4B2C-BC69-BC1C2B293637}.Debug|Any CPU.Build.0 = Debug|Any CPU
		{2B1D662B-770A-4B2C-BC69-BC1C2B293637}.Release|Any CPU.ActiveCfg = Release|Any CPU
		{2B1D662B-770A-4B2C-BC69-BC1C2B293637}.Release|Any CPU.Build.0 = Release|Any CPU
		{0B47642E-7343-46D1-90C9-7B3E86CE6BEE}.Debug|Any CPU.ActiveCfg = Debug|Any CPU
		{0B47642E-7343-46D1-90C9-7B3E86CE6BEE}.Debug|Any CPU.Build.0 = Debug|Any CPU
		{0B47642E-7343-46D1-90C9-7B3E86CE6BEE}.Release|Any CPU.ActiveCfg = Release|Any CPU
		{0B47642E-7343-46D1-90C9-7B3E86CE6BEE}.Release|Any CPU.Build.0 = Release|Any CPU
		{F34FCE93-020D-4220-92B3-DE0132CDEF33}.Debug|Any CPU.ActiveCfg = Debug|Any CPU
		{F34FCE93-020D-4220-92B3-DE0132CDEF33}.Debug|Any CPU.Build.0 = Debug|Any CPU
		{F34FCE93-020D-4220-92B3-DE0132CDEF33}.Release|Any CPU.ActiveCfg = Release|Any CPU
		{F34FCE93-020D-4220-92B3-DE0132CDEF33}.Release|Any CPU.Build.0 = Release|Any CPU
		{015BE45E-1EFA-4958-8228-0E7A6FC444E5}.Debug|Any CPU.ActiveCfg = Debug|Any CPU
		{015BE45E-1EFA-4958-8228-0E7A6FC444E5}.Debug|Any CPU.Build.0 = Debug|Any CPU
		{015BE45E-1EFA-4958-8228-0E7A6FC444E5}.Release|Any CPU.ActiveCfg = Release|Any CPU
		{015BE45E-1EFA-4958-8228-0E7A6FC444E5}.Release|Any CPU.Build.0 = Release|Any CPU
		{A5C86E80-DA21-4E87-8013-9DFAEBA51FDF}.Debug|Any CPU.ActiveCfg = Debug|Any CPU
		{A5C86E80-DA21-4E87-8013-9DFAEBA51FDF}.Debug|Any CPU.Build.0 = Debug|Any CPU
		{A5C86E80-DA21-4E87-8013-9DFAEBA51FDF}.Release|Any CPU.ActiveCfg = Release|Any CPU
		{A5C86E80-DA21-4E87-8013-9DFAEBA51FDF}.Release|Any CPU.Build.0 = Release|Any CPU
		{91AB0688-BAE3-47D8-B1A5-19A8E9755183}.Debug|Any CPU.ActiveCfg = Debug|Any CPU
		{91AB0688-BAE3-47D8-B1A5-19A8E9755183}.Debug|Any CPU.Build.0 = Debug|Any CPU
		{91AB0688-BAE3-47D8-B1A5-19A8E9755183}.Release|Any CPU.ActiveCfg = Release|Any CPU
		{91AB0688-BAE3-47D8-B1A5-19A8E9755183}.Release|Any CPU.Build.0 = Release|Any CPU
		{E83052D9-665F-4BBA-AAC6-EB80BC54725C}.Debug|Any CPU.ActiveCfg = Debug|Any CPU
		{E83052D9-665F-4BBA-AAC6-EB80BC54725C}.Debug|Any CPU.Build.0 = Debug|Any CPU
		{E83052D9-665F-4BBA-AAC6-EB80BC54725C}.Release|Any CPU.ActiveCfg = Release|Any CPU
		{E83052D9-665F-4BBA-AAC6-EB80BC54725C}.Release|Any CPU.Build.0 = Release|Any CPU
		{E4A1A834-8103-4B60-B2CA-4DAAEA3BDAF2}.Debug|Any CPU.ActiveCfg = Debug|Any CPU
		{E4A1A834-8103-4B60-B2CA-4DAAEA3BDAF2}.Debug|Any CPU.Build.0 = Debug|Any CPU
		{E4A1A834-8103-4B60-B2CA-4DAAEA3BDAF2}.Release|Any CPU.ActiveCfg = Release|Any CPU
		{E4A1A834-8103-4B60-B2CA-4DAAEA3BDAF2}.Release|Any CPU.Build.0 = Release|Any CPU
		{42B17B14-4305-4D5A-8728-94B4F591B8AA}.Debug|Any CPU.ActiveCfg = Debug|Any CPU
		{42B17B14-4305-4D5A-8728-94B4F591B8AA}.Debug|Any CPU.Build.0 = Debug|Any CPU
		{42B17B14-4305-4D5A-8728-94B4F591B8AA}.Release|Any CPU.ActiveCfg = Release|Any CPU
		{42B17B14-4305-4D5A-8728-94B4F591B8AA}.Release|Any CPU.Build.0 = Release|Any CPU
		{B3D40BE5-5868-4DF0-B691-74CB66099CDF}.Debug|Any CPU.ActiveCfg = Debug|Any CPU
		{B3D40BE5-5868-4DF0-B691-74CB66099CDF}.Debug|Any CPU.Build.0 = Debug|Any CPU
		{B3D40BE5-5868-4DF0-B691-74CB66099CDF}.Release|Any CPU.ActiveCfg = Release|Any CPU
		{B3D40BE5-5868-4DF0-B691-74CB66099CDF}.Release|Any CPU.Build.0 = Release|Any CPU
		{525F0E5A-89EC-44F7-97CE-5082AF6B8DF3}.Debug|Any CPU.ActiveCfg = Debug|Any CPU
		{525F0E5A-89EC-44F7-97CE-5082AF6B8DF3}.Debug|Any CPU.Build.0 = Debug|Any CPU
		{525F0E5A-89EC-44F7-97CE-5082AF6B8DF3}.Release|Any CPU.ActiveCfg = Release|Any CPU
		{525F0E5A-89EC-44F7-97CE-5082AF6B8DF3}.Release|Any CPU.Build.0 = Release|Any CPU
		{998D8AFB-E68B-43B5-83E2-2318635093A0}.Debug|Any CPU.ActiveCfg = Debug|Any CPU
		{998D8AFB-E68B-43B5-83E2-2318635093A0}.Debug|Any CPU.Build.0 = Debug|Any CPU
		{998D8AFB-E68B-43B5-83E2-2318635093A0}.Release|Any CPU.ActiveCfg = Release|Any CPU
		{998D8AFB-E68B-43B5-83E2-2318635093A0}.Release|Any CPU.Build.0 = Release|Any CPU
		{35B6E475-FD03-44EB-944A-16D7F3921B03}.Debug|Any CPU.ActiveCfg = Debug|Any CPU
		{35B6E475-FD03-44EB-944A-16D7F3921B03}.Debug|Any CPU.Build.0 = Debug|Any CPU
		{35B6E475-FD03-44EB-944A-16D7F3921B03}.Release|Any CPU.ActiveCfg = Release|Any CPU
		{35B6E475-FD03-44EB-944A-16D7F3921B03}.Release|Any CPU.Build.0 = Release|Any CPU
		{737B84CB-FB5C-4002-B485-37C14B9E6454}.Debug|Any CPU.ActiveCfg = Debug|Any CPU
		{737B84CB-FB5C-4002-B485-37C14B9E6454}.Debug|Any CPU.Build.0 = Debug|Any CPU
		{737B84CB-FB5C-4002-B485-37C14B9E6454}.Release|Any CPU.ActiveCfg = Release|Any CPU
		{737B84CB-FB5C-4002-B485-37C14B9E6454}.Release|Any CPU.Build.0 = Release|Any CPU
		{D94EC62C-4545-4C70-8D3F-AF6BFC98D00F}.Debug|Any CPU.ActiveCfg = Debug|Any CPU
		{D94EC62C-4545-4C70-8D3F-AF6BFC98D00F}.Debug|Any CPU.Build.0 = Debug|Any CPU
		{D94EC62C-4545-4C70-8D3F-AF6BFC98D00F}.Release|Any CPU.ActiveCfg = Release|Any CPU
		{D94EC62C-4545-4C70-8D3F-AF6BFC98D00F}.Release|Any CPU.Build.0 = Release|Any CPU
		{C655C53F-71AF-490C-81B6-2B670F2482E1}.Debug|Any CPU.ActiveCfg = Debug|Any CPU
		{C655C53F-71AF-490C-81B6-2B670F2482E1}.Debug|Any CPU.Build.0 = Debug|Any CPU
		{C655C53F-71AF-490C-81B6-2B670F2482E1}.Release|Any CPU.ActiveCfg = Release|Any CPU
		{C655C53F-71AF-490C-81B6-2B670F2482E1}.Release|Any CPU.Build.0 = Release|Any CPU
		{A21776DF-00A7-4FA1-A1E2-DE51F296A271}.Debug|Any CPU.ActiveCfg = Debug|Any CPU
		{A21776DF-00A7-4FA1-A1E2-DE51F296A271}.Debug|Any CPU.Build.0 = Debug|Any CPU
		{A21776DF-00A7-4FA1-A1E2-DE51F296A271}.Release|Any CPU.ActiveCfg = Release|Any CPU
		{A21776DF-00A7-4FA1-A1E2-DE51F296A271}.Release|Any CPU.Build.0 = Release|Any CPU
		{292D11F7-FEC3-4AF9-A5E3-DB25D48522BF}.Debug|Any CPU.ActiveCfg = Debug|Any CPU
		{292D11F7-FEC3-4AF9-A5E3-DB25D48522BF}.Debug|Any CPU.Build.0 = Debug|Any CPU
		{292D11F7-FEC3-4AF9-A5E3-DB25D48522BF}.Release|Any CPU.ActiveCfg = Release|Any CPU
		{292D11F7-FEC3-4AF9-A5E3-DB25D48522BF}.Release|Any CPU.Build.0 = Release|Any CPU
		{C4060909-0B08-4918-9F09-EC96205E7AF5}.Debug|Any CPU.ActiveCfg = Debug|Any CPU
		{C4060909-0B08-4918-9F09-EC96205E7AF5}.Debug|Any CPU.Build.0 = Debug|Any CPU
		{C4060909-0B08-4918-9F09-EC96205E7AF5}.Release|Any CPU.ActiveCfg = Release|Any CPU
		{C4060909-0B08-4918-9F09-EC96205E7AF5}.Release|Any CPU.Build.0 = Release|Any CPU
		{4C8A1B7C-BA22-480A-8022-59F16D9B81F9}.Debug|Any CPU.ActiveCfg = Debug|Any CPU
		{4C8A1B7C-BA22-480A-8022-59F16D9B81F9}.Debug|Any CPU.Build.0 = Debug|Any CPU
		{4C8A1B7C-BA22-480A-8022-59F16D9B81F9}.Release|Any CPU.ActiveCfg = Release|Any CPU
		{4C8A1B7C-BA22-480A-8022-59F16D9B81F9}.Release|Any CPU.Build.0 = Release|Any CPU
		{6236865B-5809-4CD8-952D-D72CC65093A8}.Debug|Any CPU.ActiveCfg = Debug|Any CPU
		{6236865B-5809-4CD8-952D-D72CC65093A8}.Debug|Any CPU.Build.0 = Debug|Any CPU
		{6236865B-5809-4CD8-952D-D72CC65093A8}.Release|Any CPU.ActiveCfg = Release|Any CPU
		{6236865B-5809-4CD8-952D-D72CC65093A8}.Release|Any CPU.Build.0 = Release|Any CPU
		{5C58BC57-F440-4339-A912-CC3E126B08FC}.Debug|Any CPU.ActiveCfg = Debug|Any CPU
		{5C58BC57-F440-4339-A912-CC3E126B08FC}.Debug|Any CPU.Build.0 = Debug|Any CPU
		{5C58BC57-F440-4339-A912-CC3E126B08FC}.Release|Any CPU.ActiveCfg = Release|Any CPU
		{5C58BC57-F440-4339-A912-CC3E126B08FC}.Release|Any CPU.Build.0 = Release|Any CPU
		{C19C4611-FB9D-4418-BB1F-18A2678538C9}.Debug|Any CPU.ActiveCfg = Debug|Any CPU
		{C19C4611-FB9D-4418-BB1F-18A2678538C9}.Debug|Any CPU.Build.0 = Debug|Any CPU
		{C19C4611-FB9D-4418-BB1F-18A2678538C9}.Release|Any CPU.ActiveCfg = Release|Any CPU
		{C19C4611-FB9D-4418-BB1F-18A2678538C9}.Release|Any CPU.Build.0 = Release|Any CPU
		{0B9DBFF2-9986-4188-A6E1-2261D492C8A5}.Debug|Any CPU.ActiveCfg = Debug|Any CPU
		{0B9DBFF2-9986-4188-A6E1-2261D492C8A5}.Debug|Any CPU.Build.0 = Debug|Any CPU
		{0B9DBFF2-9986-4188-A6E1-2261D492C8A5}.Release|Any CPU.ActiveCfg = Release|Any CPU
		{0B9DBFF2-9986-4188-A6E1-2261D492C8A5}.Release|Any CPU.Build.0 = Release|Any CPU
		{0C908A96-6BD2-4CA5-9F28-2A5E362F0A8E}.Debug|Any CPU.ActiveCfg = Debug|Any CPU
		{0C908A96-6BD2-4CA5-9F28-2A5E362F0A8E}.Debug|Any CPU.Build.0 = Debug|Any CPU
		{0C908A96-6BD2-4CA5-9F28-2A5E362F0A8E}.Release|Any CPU.ActiveCfg = Release|Any CPU
		{0C908A96-6BD2-4CA5-9F28-2A5E362F0A8E}.Release|Any CPU.Build.0 = Release|Any CPU
		{7ED75810-86E9-4E1A-8352-41BC1C77C50A}.Debug|Any CPU.ActiveCfg = Debug|Any CPU
		{7ED75810-86E9-4E1A-8352-41BC1C77C50A}.Debug|Any CPU.Build.0 = Debug|Any CPU
		{7ED75810-86E9-4E1A-8352-41BC1C77C50A}.Release|Any CPU.ActiveCfg = Release|Any CPU
		{7ED75810-86E9-4E1A-8352-41BC1C77C50A}.Release|Any CPU.Build.0 = Release|Any CPU
		{B3CD6AC6-299E-40DB-AE61-05339A08CA35}.Debug|Any CPU.ActiveCfg = Debug|Any CPU
		{B3CD6AC6-299E-40DB-AE61-05339A08CA35}.Debug|Any CPU.Build.0 = Debug|Any CPU
		{B3CD6AC6-299E-40DB-AE61-05339A08CA35}.Release|Any CPU.ActiveCfg = Release|Any CPU
		{B3CD6AC6-299E-40DB-AE61-05339A08CA35}.Release|Any CPU.Build.0 = Release|Any CPU
		{17D6A72A-FA4C-46B8-96F8-02551916A3C9}.Debug|Any CPU.ActiveCfg = Debug|Any CPU
		{17D6A72A-FA4C-46B8-96F8-02551916A3C9}.Debug|Any CPU.Build.0 = Debug|Any CPU
		{17D6A72A-FA4C-46B8-96F8-02551916A3C9}.Release|Any CPU.ActiveCfg = Release|Any CPU
		{17D6A72A-FA4C-46B8-96F8-02551916A3C9}.Release|Any CPU.Build.0 = Release|Any CPU
		{9A6D46D6-5AF4-4695-9B78-8F97B1A92CF9}.Debug|Any CPU.ActiveCfg = Debug|Any CPU
		{9A6D46D6-5AF4-4695-9B78-8F97B1A92CF9}.Debug|Any CPU.Build.0 = Debug|Any CPU
		{9A6D46D6-5AF4-4695-9B78-8F97B1A92CF9}.Release|Any CPU.ActiveCfg = Release|Any CPU
		{9A6D46D6-5AF4-4695-9B78-8F97B1A92CF9}.Release|Any CPU.Build.0 = Release|Any CPU
		{48D49631-4C51-4FA6-A4FA-557D3616592D}.Debug|Any CPU.ActiveCfg = Debug|Any CPU
		{48D49631-4C51-4FA6-A4FA-557D3616592D}.Debug|Any CPU.Build.0 = Debug|Any CPU
		{48D49631-4C51-4FA6-A4FA-557D3616592D}.Release|Any CPU.ActiveCfg = Release|Any CPU
		{48D49631-4C51-4FA6-A4FA-557D3616592D}.Release|Any CPU.Build.0 = Release|Any CPU
		{71E146F2-3D50-48F5-8628-15289BB6C0ED}.Debug|Any CPU.ActiveCfg = Debug|Any CPU
		{71E146F2-3D50-48F5-8628-15289BB6C0ED}.Debug|Any CPU.Build.0 = Debug|Any CPU
		{71E146F2-3D50-48F5-8628-15289BB6C0ED}.Release|Any CPU.ActiveCfg = Release|Any CPU
		{71E146F2-3D50-48F5-8628-15289BB6C0ED}.Release|Any CPU.Build.0 = Release|Any CPU
		{5D6EAB67-4384-4F53-930E-1880FDD2A2CA}.Debug|Any CPU.ActiveCfg = Debug|Any CPU
		{5D6EAB67-4384-4F53-930E-1880FDD2A2CA}.Debug|Any CPU.Build.0 = Debug|Any CPU
		{5D6EAB67-4384-4F53-930E-1880FDD2A2CA}.Release|Any CPU.ActiveCfg = Release|Any CPU
		{5D6EAB67-4384-4F53-930E-1880FDD2A2CA}.Release|Any CPU.Build.0 = Release|Any CPU
		{9D6CE6C9-CADA-4A78-843D-EF297CBC9910}.Debug|Any CPU.ActiveCfg = Debug|Any CPU
		{9D6CE6C9-CADA-4A78-843D-EF297CBC9910}.Debug|Any CPU.Build.0 = Debug|Any CPU
		{9D6CE6C9-CADA-4A78-843D-EF297CBC9910}.Release|Any CPU.ActiveCfg = Release|Any CPU
		{9D6CE6C9-CADA-4A78-843D-EF297CBC9910}.Release|Any CPU.Build.0 = Release|Any CPU
		{8926094E-95B3-400C-AC56-F06215796BB0}.Debug|Any CPU.ActiveCfg = Debug|Any CPU
		{8926094E-95B3-400C-AC56-F06215796BB0}.Debug|Any CPU.Build.0 = Debug|Any CPU
		{8926094E-95B3-400C-AC56-F06215796BB0}.Release|Any CPU.ActiveCfg = Release|Any CPU
		{8926094E-95B3-400C-AC56-F06215796BB0}.Release|Any CPU.Build.0 = Release|Any CPU
	EndGlobalSection
	GlobalSection(SolutionProperties) = preSolution
		HideSolutionNode = FALSE
	EndGlobalSection
	GlobalSection(NestedProjects) = preSolution
		{B6E6CE7F-D629-4C40-89D6-3F7B4EEE36E9} = {3C5C08E2-2586-46EC-A90C-6F18424E4AB0}
		{C8E650C2-1364-4A16-895A-99642119D8E8} = {3C5C08E2-2586-46EC-A90C-6F18424E4AB0}
		{18EC0BE2-074B-47DC-8ACA-39DA3A78E563} = {F4215849-5522-4FEB-8494-D6445F90109E}
		{D6DD5375-154E-4AD8-9585-AA52F097F447} = {F4215849-5522-4FEB-8494-D6445F90109E}
		{BA85BBA8-37D2-4869-B537-B110D81CCA39} = {F4215849-5522-4FEB-8494-D6445F90109E}
		{61DAA5E3-30B0-43A2-B3EE-DEE67CEA9B67} = {F4215849-5522-4FEB-8494-D6445F90109E}
		{28B219C4-1951-4278-8DF1-9D1EDF6C88B7} = {F4215849-5522-4FEB-8494-D6445F90109E}
		{74804806-A293-4CC8-8275-E8EAD72BC729} = {BCE4D446-71AB-4155-80CA-5F77AE8C0F8D}
		{389A726A-B151-437C-95BB-6D3A89F937FE} = {A2C29950-610E-4BF7-AC6B-1C998318D8A5}
		{FE004C25-5A98-4953-8132-E871AC28E2DA} = {A2C29950-610E-4BF7-AC6B-1C998318D8A5}
		{10B4FDBE-8639-4058-A0AC-7371BE17E1AF} = {A2C29950-610E-4BF7-AC6B-1C998318D8A5}
		{E5960C87-D92F-4A8D-9D0F-B4C4812C3F03} = {E3C12F2E-976A-4AED-BCB6-3549DD7EFC0D}
		{3F9D786B-50B8-488A-A6E1-9DAC167BC72D} = {E3C12F2E-976A-4AED-BCB6-3549DD7EFC0D}
		{726A614F-A9B8-4EB7-AB35-079FE3644DAB} = {E3C12F2E-976A-4AED-BCB6-3549DD7EFC0D}
		{68D7E8AE-A9EB-43AF-8F3B-88E834AA9771} = {E3C12F2E-976A-4AED-BCB6-3549DD7EFC0D}
		{8F8B9186-42AF-41D3-8A8A-95D69CCA4595} = {E3C12F2E-976A-4AED-BCB6-3549DD7EFC0D}
		{D6ACA689-A22F-496B-9FBF-7C693EF8A737} = {E3C12F2E-976A-4AED-BCB6-3549DD7EFC0D}
		{0D2DC138-DF44-4238-88A3-EF82F9DCF33B} = {E3C12F2E-976A-4AED-BCB6-3549DD7EFC0D}
		{53508ABF-CB48-4137-9614-CDC008902D82} = {8A5C9BF1-A9E9-4B64-A733-EEE21EBD08DD}
		{6911B0CF-F01A-4AA4-8FDF-1358E853F179} = {8A5C9BF1-A9E9-4B64-A733-EEE21EBD08DD}
		{CFC4C4ED-DE67-4FA2-80B1-1C8C2B5C8405} = {8A5C9BF1-A9E9-4B64-A733-EEE21EBD08DD}
		{67707FE5-0F40-4B91-8996-EDDF9C96F0B0} = {8A5C9BF1-A9E9-4B64-A733-EEE21EBD08DD}
		{B13840A5-D10D-4434-BAEB-FC6EA3B4B807} = {8A5C9BF1-A9E9-4B64-A733-EEE21EBD08DD}
		{9982FF12-8917-4439-974E-9D189DE1FA06} = {8A5C9BF1-A9E9-4B64-A733-EEE21EBD08DD}
		{C3DFAD5F-B8FD-4DE4-BF57-71CFD051B3C2} = {8A5C9BF1-A9E9-4B64-A733-EEE21EBD08DD}
		{47DFFC0A-F3F8-47F5-8A99-7FFBDB819AFE} = {8A5C9BF1-A9E9-4B64-A733-EEE21EBD08DD}
		{7E635361-9A18-4A73-B81D-F4BA694575AB} = {8A5C9BF1-A9E9-4B64-A733-EEE21EBD08DD}
		{87336B82-FF17-4AAE-BA96-3D8E469EAD2B} = {8A5C9BF1-A9E9-4B64-A733-EEE21EBD08DD}
		{2B1D662B-770A-4B2C-BC69-BC1C2B293637} = {8A5C9BF1-A9E9-4B64-A733-EEE21EBD08DD}
		{0B47642E-7343-46D1-90C9-7B3E86CE6BEE} = {D520390C-062A-4FD7-B8F8-83749495C047}
		{F34FCE93-020D-4220-92B3-DE0132CDEF33} = {D520390C-062A-4FD7-B8F8-83749495C047}
		{015BE45E-1EFA-4958-8228-0E7A6FC444E5} = {D520390C-062A-4FD7-B8F8-83749495C047}
		{A5C86E80-DA21-4E87-8013-9DFAEBA51FDF} = {62168D07-4C58-400C-9C14-7C8C7DC50C6E}
		{91AB0688-BAE3-47D8-B1A5-19A8E9755183} = {62168D07-4C58-400C-9C14-7C8C7DC50C6E}
		{E83052D9-665F-4BBA-AAC6-EB80BC54725C} = {C5660422-2B94-44BE-B890-483E588C318E}
		{E4A1A834-8103-4B60-B2CA-4DAAEA3BDAF2} = {C5660422-2B94-44BE-B890-483E588C318E}
		{42B17B14-4305-4D5A-8728-94B4F591B8AA} = {C5660422-2B94-44BE-B890-483E588C318E}
		{B3D40BE5-5868-4DF0-B691-74CB66099CDF} = {C5660422-2B94-44BE-B890-483E588C318E}
		{525F0E5A-89EC-44F7-97CE-5082AF6B8DF3} = {FA7C4BD4-9B40-42A8-9449-2BC623CCA843}
		{998D8AFB-E68B-43B5-83E2-2318635093A0} = {FA7C4BD4-9B40-42A8-9449-2BC623CCA843}
		{35B6E475-FD03-44EB-944A-16D7F3921B03} = {FA7C4BD4-9B40-42A8-9449-2BC623CCA843}
		{737B84CB-FB5C-4002-B485-37C14B9E6454} = {FA7C4BD4-9B40-42A8-9449-2BC623CCA843}
		{D94EC62C-4545-4C70-8D3F-AF6BFC98D00F} = {FA7C4BD4-9B40-42A8-9449-2BC623CCA843}
		{C655C53F-71AF-490C-81B6-2B670F2482E1} = {FA7C4BD4-9B40-42A8-9449-2BC623CCA843}
		{A21776DF-00A7-4FA1-A1E2-DE51F296A271} = {FA7C4BD4-9B40-42A8-9449-2BC623CCA843}
		{292D11F7-FEC3-4AF9-A5E3-DB25D48522BF} = {FA7C4BD4-9B40-42A8-9449-2BC623CCA843}
		{C4060909-0B08-4918-9F09-EC96205E7AF5} = {FA7C4BD4-9B40-42A8-9449-2BC623CCA843}
		{4C8A1B7C-BA22-480A-8022-59F16D9B81F9} = {CAF1B078-AE4A-4020-8E61-021D6A771815}
		{6236865B-5809-4CD8-952D-D72CC65093A8} = {CAF1B078-AE4A-4020-8E61-021D6A771815}
		{5C58BC57-F440-4339-A912-CC3E126B08FC} = {CAF1B078-AE4A-4020-8E61-021D6A771815}
		{C19C4611-FB9D-4418-BB1F-18A2678538C9} = {CAF1B078-AE4A-4020-8E61-021D6A771815}
		{0B9DBFF2-9986-4188-A6E1-2261D492C8A5} = {CAF1B078-AE4A-4020-8E61-021D6A771815}
		{7ED75810-86E9-4E1A-8352-41BC1C77C50A} = {BE239782-CD94-4F4C-99EA-354E4F4A693F}
		{B3CD6AC6-299E-40DB-AE61-05339A08CA35} = {BE239782-CD94-4F4C-99EA-354E4F4A693F}
		{17D6A72A-FA4C-46B8-96F8-02551916A3C9} = {BE239782-CD94-4F4C-99EA-354E4F4A693F}
		{9A6D46D6-5AF4-4695-9B78-8F97B1A92CF9} = {B56AA34C-4706-4BC8-A30D-87E229604520}
		{48D49631-4C51-4FA6-A4FA-557D3616592D} = {AA1809F2-2C09-4E98-BB47-ABDAD17AF6C2}
		{71E146F2-3D50-48F5-8628-15289BB6C0ED} = {72088E21-B872-4EFA-B510-F4965084D139}
		{5D6EAB67-4384-4F53-930E-1880FDD2A2CA} = {AA1809F2-2C09-4E98-BB47-ABDAD17AF6C2}
		{9D6CE6C9-CADA-4A78-843D-EF297CBC9910} = {AA1809F2-2C09-4E98-BB47-ABDAD17AF6C2}
		{8926094E-95B3-400C-AC56-F06215796BB0} = {AA1809F2-2C09-4E98-BB47-ABDAD17AF6C2}
	EndGlobalSection
	GlobalSection(ExtensibilityGlobals) = postSolution
		SolutionGuid = {13EE802B-1688-432A-9608-CFA06951D0AA}
	EndGlobalSection
EndGlobal
