
Microsoft Visual Studio Solution File, Format Version 12.00
# Visual Studio Version 16
VisualStudioVersion = 16.0.30225.117
MinimumVisualStudioVersion = 10.0.40219.1
Project("{FAE04EC0-301F-11D3-BF4B-00C04F79EFBC}") = "HelloApp", "HelloApp\HelloApp.csproj", "{B6E6CE7F-D629-4C40-89D6-3F7B4EEE36E9}"
EndProject
Project("{FAE04EC0-301F-11D3-BF4B-00C04F79EFBC}") = "IntegerType", "IntegerType\IntegerType.csproj", "{C8E650C2-1364-4A16-895A-99642119D8E8}"
EndProject
Project("{FAE04EC0-301F-11D3-BF4B-00C04F79EFBC}") = "StringNumberConversion", "StringNumberConversion\StringNumberConversion.csproj", "{18EC0BE2-074B-47DC-8ACA-39DA3A78E563}"
EndProject
Project("{2150E333-8FDC-42A3-9474-1A3956D46DE8}") = "CH02", "CH02", "{3C5C08E2-2586-46EC-A90C-6F18424E4AB0}"
EndProject
Project("{2150E333-8FDC-42A3-9474-1A3956D46DE8}") = "CH03", "CH03", "{F4215849-5522-4FEB-8494-D6445F90109E}"
EndProject
Project("{FAE04EC0-301F-11D3-BF4B-00C04F79EFBC}") = "BoxingUnboxing", "BoxingUnboxing\BoxingUnboxing.csproj", "{D6DD5375-154E-4AD8-9585-AA52F097F447}"
EndProject
Project("{FAE04EC0-301F-11D3-BF4B-00C04F79EFBC}") = "IntegerConversion", "IntegerConversion\IntegerConversion.csproj", "{BA85BBA8-37D2-4869-B537-B110D81CCA39}"
EndProject
Global
	GlobalSection(SolutionConfigurationPlatforms) = preSolution
		Debug|Any CPU = Debug|Any CPU
		Release|Any CPU = Release|Any CPU
	EndGlobalSection
	GlobalSection(ProjectConfigurationPlatforms) = postSolution
		{B6E6CE7F-D629-4C40-89D6-3F7B4EEE36E9}.Debug|Any CPU.ActiveCfg = Debug|Any CPU
		{B6E6CE7F-D629-4C40-89D6-3F7B4EEE36E9}.Debug|Any CPU.Build.0 = Debug|Any CPU
		{B6E6CE7F-D629-4C40-89D6-3F7B4EEE36E9}.Release|Any CPU.ActiveCfg = Release|Any CPU
		{B6E6CE7F-D629-4C40-89D6-3F7B4EEE36E9}.Release|Any CPU.Build.0 = Release|Any CPU
		{C8E650C2-1364-4A16-895A-99642119D8E8}.Debug|Any CPU.ActiveCfg = Debug|Any CPU
		{C8E650C2-1364-4A16-895A-99642119D8E8}.Debug|Any CPU.Build.0 = Debug|Any CPU
		{C8E650C2-1364-4A16-895A-99642119D8E8}.Release|Any CPU.ActiveCfg = Release|Any CPU
		{C8E650C2-1364-4A16-895A-99642119D8E8}.Release|Any CPU.Build.0 = Release|Any CPU
		{18EC0BE2-074B-47DC-8ACA-39DA3A78E563}.Debug|Any CPU.ActiveCfg = Debug|Any CPU
		{18EC0BE2-074B-47DC-8ACA-39DA3A78E563}.Debug|Any CPU.Build.0 = Debug|Any CPU
		{18EC0BE2-074B-47DC-8ACA-39DA3A78E563}.Release|Any CPU.ActiveCfg = Release|Any CPU
		{18EC0BE2-074B-47DC-8ACA-39DA3A78E563}.Release|Any CPU.Build.0 = Release|Any CPU
		{D6DD5375-154E-4AD8-9585-AA52F097F447}.Debug|Any CPU.ActiveCfg = Debug|Any CPU
		{D6DD5375-154E-4AD8-9585-AA52F097F447}.Debug|Any CPU.Build.0 = Debug|Any CPU
		{D6DD5375-154E-4AD8-9585-AA52F097F447}.Release|Any CPU.ActiveCfg = Release|Any CPU
		{D6DD5375-154E-4AD8-9585-AA52F097F447}.Release|Any CPU.Build.0 = Release|Any CPU
		{BA85BBA8-37D2-4869-B537-B110D81CCA39}.Debug|Any CPU.ActiveCfg = Debug|Any CPU
		{BA85BBA8-37D2-4869-B537-B110D81CCA39}.Debug|Any CPU.Build.0 = Debug|Any CPU
		{BA85BBA8-37D2-4869-B537-B110D81CCA39}.Release|Any CPU.ActiveCfg = Release|Any CPU
		{BA85BBA8-37D2-4869-B537-B110D81CCA39}.Release|Any CPU.Build.0 = Release|Any CPU
	EndGlobalSection
	GlobalSection(SolutionProperties) = preSolution
		HideSolutionNode = FALSE
	EndGlobalSection
	GlobalSection(NestedProjects) = preSolution
		{B6E6CE7F-D629-4C40-89D6-3F7B4EEE36E9} = {3C5C08E2-2586-46EC-A90C-6F18424E4AB0}
		{C8E650C2-1364-4A16-895A-99642119D8E8} = {3C5C08E2-2586-46EC-A90C-6F18424E4AB0}
		{18EC0BE2-074B-47DC-8ACA-39DA3A78E563} = {F4215849-5522-4FEB-8494-D6445F90109E}
		{D6DD5375-154E-4AD8-9585-AA52F097F447} = {F4215849-5522-4FEB-8494-D6445F90109E}
		{BA85BBA8-37D2-4869-B537-B110D81CCA39} = {F4215849-5522-4FEB-8494-D6445F90109E}
	EndGlobalSection
	GlobalSection(ExtensibilityGlobals) = postSolution
		SolutionGuid = {13EE802B-1688-432A-9608-CFA06951D0AA}
	EndGlobalSection
EndGlobal
