
Microsoft Visual Studio Solution File, Format Version 12.00
# Visual Studio Version 16
VisualStudioVersion = 16.0.30225.117
MinimumVisualStudioVersion = 10.0.40219.1
Project("{FAE04EC0-301F-11D3-BF4B-00C04F79EFBC}") = "ChartTestApp", "ChartTestApp\ChartTestApp.csproj", "{A65EBDF6-DC2D-4E80-91D3-6BFF01FB0543}"
EndProject
Global
	GlobalSection(SolutionConfigurationPlatforms) = preSolution
		Debug|Any CPU = Debug|Any CPU
		Release|Any CPU = Release|Any CPU
	EndGlobalSection
	GlobalSection(ProjectConfigurationPlatforms) = postSolution
		{A65EBDF6-DC2D-4E80-91D3-6BFF01FB0543}.Debug|Any CPU.ActiveCfg = Debug|Any CPU
		{A65EBDF6-DC2D-4E80-91D3-6BFF01FB0543}.Debug|Any CPU.Build.0 = Debug|Any CPU
		{A65EBDF6-DC2D-4E80-91D3-6BFF01FB0543}.Release|Any CPU.ActiveCfg = Release|Any CPU
		{A65EBDF6-DC2D-4E80-91D3-6BFF01FB0543}.Release|Any CPU.Build.0 = Release|Any CPU
	EndGlobalSection
	GlobalSection(SolutionProperties) = preSolution
		HideSolutionNode = FALSE
	EndGlobalSection
	GlobalSection(ExtensibilityGlobals) = postSolution
		SolutionGuid = {F55CA7E1-75ED-4A7B-9700-072B37F47B6D}
	EndGlobalSection
EndGlobal
